
Microsoft Visual Studio Solution File, Format Version 12.00
# Visual Studio Version 17
VisualStudioVersion = 17.0.31903.59
MinimumVisualStudioVersion = 10.0.40219.1
Project("{FAE04EC0-301F-11D3-BF4B-00C04F79EFBC}") = "CityGuard.Web", "CityGuard.Web\CityGuard.Web.csproj", "{DF976E67-BD73-4193-B44E-14D82529015B}"
EndProject
Global
	GlobalSection(SolutionConfigurationPlatforms) = preSolution
		Debug|Any CPU = Debug|Any CPU
		Release|Any CPU = Release|Any CPU
	EndGlobalSection
	GlobalSection(SolutionProperties) = preSolution
		HideSolutionNode = FALSE
	EndGlobalSection
	GlobalSection(ProjectConfigurationPlatforms) = postSolution
		{DF976E67-BD73-4193-B44E-14D82529015B}.Debug|Any CPU.ActiveCfg = Debug|Any CPU
		{DF976E67-BD73-4193-B44E-14D82529015B}.Debug|Any CPU.Build.0 = Debug|Any CPU
		{DF976E67-BD73-4193-B44E-14D82529015B}.Release|Any CPU.ActiveCfg = Release|Any CPU
		{DF976E67-BD73-4193-B44E-14D82529015B}.Release|Any CPU.Build.0 = Release|Any CPU
	EndGlobalSection
EndGlobal
